github.com/artyom/autoflags v1.1.1 h1:8flRmpb7xpjLHFVcM+HN+cEEKLw+H5a2hABDbRvfG9A=
github.com/artyom/autoflags v1.1.1/go.mod h1:Th9KgAVvFcYp7t8b//Pu21xHjExLpzr4SXCbwVbHL7Y=
github.com/artyom/resp v1.0.0 h1:SVdA6KMZQ+NshbKtVd/gckbO4YIkZov8NhqL1QJbLXg=
github.com/artyom/resp v1.0.0/go.mod h1:bPgkZ66JCWLt9ZBLfyiJExQw2zsN6DpNG17ZuBfUtFw=
golang.org/x/net v0.2.0 h1:sZfSu1wtKLGlWI4ZZayP0ck9Y73K1ynO6gqzTdBVdPU=
golang.org/x/net v0.2.0/go.mod h1:KqCZLdyyvdV855qA2rE3GC2aiw5xGR5TEjj8smXukLY=
